
Microsoft Visual Studio Solution File, Format Version 12.00
# Visual Studio Version 16
VisualStudioVersion = 16.0.30517.126
MinimumVisualStudioVersion = 10.0.40219.1
Project("{FAE04EC0-301F-11D3-BF4B-00C04F79EFBC}") = "WPFMorseCodeConverter", "WPFMorseCodeConverter.csproj", "{0E8D2FE2-249E-4270-8AA5-CB46B08117CE}"
EndProject
Global
	GlobalSection(SolutionConfigurationPlatforms) = preSolution
		Debug|Any CPU = Debug|Any CPU
		Release|Any CPU = Release|Any CPU
	EndGlobalSection
	GlobalSection(ProjectConfigurationPlatforms) = postSolution
		{0E8D2FE2-249E-4270-8AA5-CB46B08117CE}.Debug|Any CPU.ActiveCfg = Debug|Any CPU
		{0E8D2FE2-249E-4270-8AA5-CB46B08117CE}.Debug|Any CPU.Build.0 = Debug|Any CPU
		{0E8D2FE2-249E-4270-8AA5-CB46B08117CE}.Release|Any CPU.ActiveCfg = Release|Any CPU
		{0E8D2FE2-249E-4270-8AA5-CB46B08117CE}.Release|Any CPU.Build.0 = Release|Any CPU
	EndGlobalSection
	GlobalSection(SolutionProperties) = preSolution
		HideSolutionNode = FALSE
	EndGlobalSection
	GlobalSection(ExtensibilityGlobals) = postSolution
		SolutionGuid = {F7D5F06A-D6AC-4AE9-A673-777A93816CE4}
	EndGlobalSection
EndGlobal
